
Microsoft Visual Studio Solution File, Format Version 12.00
# Visual Studio Version 16
VisualStudioVersion = 16.0.30907.101
MinimumVisualStudioVersion = 10.0.40219.1
Project("{FAE04EC0-301F-11D3-BF4B-00C04F79EFBC}") = "GESTIONDERECOUVREMENT", "GESTIONDERECOUVREMENT\GESTIONDERECOUVREMENT.csproj", "{2CD342F8-13E4-452B-85F9-3F149FFEEED3}"
EndProject
Global
	GlobalSection(SolutionConfigurationPlatforms) = preSolution
		Debug|Any CPU = Debug|Any CPU
		Release|Any CPU = Release|Any CPU
	EndGlobalSection
	GlobalSection(ProjectConfigurationPlatforms) = postSolution
		{2CD342F8-13E4-452B-85F9-3F149FFEEED3}.Debug|Any CPU.ActiveCfg = Debug|Any CPU
		{2CD342F8-13E4-452B-85F9-3F149FFEEED3}.Debug|Any CPU.Build.0 = Debug|Any CPU
		{2CD342F8-13E4-452B-85F9-3F149FFEEED3}.Release|Any CPU.ActiveCfg = Release|Any CPU
		{2CD342F8-13E4-452B-85F9-3F149FFEEED3}.Release|Any CPU.Build.0 = Release|Any CPU
	EndGlobalSection
	GlobalSection(SolutionProperties) = preSolution
		HideSolutionNode = FALSE
	EndGlobalSection
	GlobalSection(ExtensibilityGlobals) = postSolution
		SolutionGuid = {7A841007-4B19-448F-9661-A23546FC86E0}
	EndGlobalSection
EndGlobal
